
Microsoft Visual Studio Solution File, Format Version 12.00
# Visual Studio 15
Project("{FAE04EC0-301F-11D3-BF4B-00C04F79EFBC}") = "UnityEngine.TestRunner", "UnityEngine.TestRunner.csproj", "{E422980C-528F-CCEB-2291-2C859E65ECBE}"
EndProject
Project("{FAE04EC0-301F-11D3-BF4B-00C04F79EFBC}") = "Unity.Timeline", "Unity.Timeline.csproj", "{0A809762-2DF8-9848-45A5-403DAFC066E2}"
EndProject
Project("{FAE04EC0-301F-11D3-BF4B-00C04F79EFBC}") = "Unity.TextMeshPro", "Unity.TextMeshPro.csproj", "{812F5FB5-3820-993B-A64D-555AE6CC0068}"
EndProject
Project("{FAE04EC0-301F-11D3-BF4B-00C04F79EFBC}") = "Assembly-CSharp", "Assembly-CSharp.csproj", "{3BC2D6DE-C843-20E5-38DD-F7BBBAC60855}"
EndProject
Project("{FAE04EC0-301F-11D3-BF4B-00C04F79EFBC}") = "UnityEditor.TestRunner", "UnityEditor.TestRunner.csproj", "{B99BEBD8-0F30-4D0D-DB77-5E744F851B08}"
EndProject
Project("{FAE04EC0-301F-11D3-BF4B-00C04F79EFBC}") = "Unity.PlasticSCM.Editor", "Unity.PlasticSCM.Editor.csproj", "{41D02250-9246-0A8D-1880-35D686C3CBFD}"
EndProject
Project("{FAE04EC0-301F-11D3-BF4B-00C04F79EFBC}") = "Unity.Services.Core.Editor", "Unity.Services.Core.Editor.csproj", "{1246A697-78D0-5A75-D939-6D7E8CE4D2A1}"
EndProject
Project("{FAE04EC0-301F-11D3-BF4B-00C04F79EFBC}") = "Unity.Timeline.Editor", "Unity.Timeline.Editor.csproj", "{E61EFB75-C8C2-0D13-4091-FB977022F175}"
EndProject
Project("{FAE04EC0-301F-11D3-BF4B-00C04F79EFBC}") = "Unity.VisualStudio.Editor", "Unity.VisualStudio.Editor.csproj", "{8C6CD25F-1EBE-CDED-3100-9AFE13C8B0CC}"
EndProject
Project("{FAE04EC0-301F-11D3-BF4B-00C04F79EFBC}") = "Unity.TextMeshPro.Editor", "Unity.TextMeshPro.Editor.csproj", "{E5D38830-F188-D552-B8F6-7AC4C384CB02}"
EndProject
Project("{FAE04EC0-301F-11D3-BF4B-00C04F79EFBC}") = "Unity.CollabProxy.Editor", "Unity.CollabProxy.Editor.csproj", "{C35BC8A9-B630-76F8-6FEB-5F6B72C4048B}"
EndProject
Project("{FAE04EC0-301F-11D3-BF4B-00C04F79EFBC}") = "Unity.Rider.Editor", "Unity.Rider.Editor.csproj", "{3F17B5DF-E350-1C44-DC33-972E12D6C864}"
EndProject
Project("{FAE04EC0-301F-11D3-BF4B-00C04F79EFBC}") = "Unity.VSCode.Editor", "Unity.VSCode.Editor.csproj", "{75E520FE-CA6E-550F-19CB-964C00463B96}"
EndProject
Global
	GlobalSection(SolutionConfigurationPlatforms) = preSolution
		Debug|Any CPU = Debug|Any CPU
		Release|Any CPU = Release|Any CPU
	EndGlobalSection
	GlobalSection(ProjectConfigurationPlatforms) = postSolution
		{E422980C-528F-CCEB-2291-2C859E65ECBE}.Debug|Any CPU.ActiveCfg = Debug|Any CPU
		{E422980C-528F-CCEB-2291-2C859E65ECBE}.Debug|Any CPU.Build.0 = Debug|Any CPU
		{E422980C-528F-CCEB-2291-2C859E65ECBE}.Release|Any CPU.ActiveCfg = Release|Any CPU
		{E422980C-528F-CCEB-2291-2C859E65ECBE}.Release|Any CPU.Build.0 = Release|Any CPU
		{0A809762-2DF8-9848-45A5-403DAFC066E2}.Debug|Any CPU.ActiveCfg = Debug|Any CPU
		{0A809762-2DF8-9848-45A5-403DAFC066E2}.Debug|Any CPU.Build.0 = Debug|Any CPU
		{0A809762-2DF8-9848-45A5-403DAFC066E2}.Release|Any CPU.ActiveCfg = Release|Any CPU
		{0A809762-2DF8-9848-45A5-403DAFC066E2}.Release|Any CPU.Build.0 = Release|Any CPU
		{812F5FB5-3820-993B-A64D-555AE6CC0068}.Debug|Any CPU.ActiveCfg = Debug|Any CPU
		{812F5FB5-3820-993B-A64D-555AE6CC0068}.Debug|Any CPU.Build.0 = Debug|Any CPU
		{812F5FB5-3820-993B-A64D-555AE6CC0068}.Release|Any CPU.ActiveCfg = Release|Any CPU
		{812F5FB5-3820-993B-A64D-555AE6CC0068}.Release|Any CPU.Build.0 = Release|Any CPU
		{3BC2D6DE-C843-20E5-38DD-F7BBBAC60855}.Debug|Any CPU.ActiveCfg = Debug|Any CPU
		{3BC2D6DE-C843-20E5-38DD-F7BBBAC60855}.Debug|Any CPU.Build.0 = Debug|Any CPU
		{3BC2D6DE-C843-20E5-38DD-F7BBBAC60855}.Release|Any CPU.ActiveCfg = Release|Any CPU
		{3BC2D6DE-C843-20E5-38DD-F7BBBAC60855}.Release|Any CPU.Build.0 = Release|Any CPU
		{B99BEBD8-0F30-4D0D-DB77-5E744F851B08}.Debug|Any CPU.ActiveCfg = Debug|Any CPU
		{B99BEBD8-0F30-4D0D-DB77-5E744F851B08}.Debug|Any CPU.Build.0 = Debug|Any CPU
		{B99BEBD8-0F30-4D0D-DB77-5E744F851B08}.Release|Any CPU.ActiveCfg = Release|Any CPU
		{B99BEBD8-0F30-4D0D-DB77-5E744F851B08}.Release|Any CPU.Build.0 = Release|Any CPU
		{41D02250-9246-0A8D-1880-35D686C3CBFD}.Debug|Any CPU.ActiveCfg = Debug|Any CPU
		{41D02250-9246-0A8D-1880-35D686C3CBFD}.Debug|Any CPU.Build.0 = Debug|Any CPU
		{41D02250-9246-0A8D-1880-35D686C3CBFD}.Release|Any CPU.ActiveCfg = Release|Any CPU
		{41D02250-9246-0A8D-1880-35D686C3CBFD}.Release|Any CPU.Build.0 = Release|Any CPU
		{1246A697-78D0-5A75-D939-6D7E8CE4D2A1}.Debug|Any CPU.ActiveCfg = Debug|Any CPU
		{1246A697-78D0-5A75-D939-6D7E8CE4D2A1}.Debug|Any CPU.Build.0 = Debug|Any CPU
		{1246A697-78D0-5A75-D939-6D7E8CE4D2A1}.Release|Any CPU.ActiveCfg = Release|Any CPU
		{1246A697-78D0-5A75-D939-6D7E8CE4D2A1}.Release|Any CPU.Build.0 = Release|Any CPU
		{E61EFB75-C8C2-0D13-4091-FB977022F175}.Debug|Any CPU.ActiveCfg = Debug|Any CPU
		{E61EFB75-C8C2-0D13-4091-FB977022F175}.Debug|Any CPU.Build.0 = Debug|Any CPU
		{E61EFB75-C8C2-0D13-4091-FB977022F175}.Release|Any CPU.ActiveCfg = Release|Any CPU
		{E61EFB75-C8C2-0D13-4091-FB977022F175}.Release|Any CPU.Build.0 = Release|Any CPU
		{8C6CD25F-1EBE-CDED-3100-9AFE13C8B0CC}.Debug|Any CPU.ActiveCfg = Debug|Any CPU
		{8C6CD25F-1EBE-CDED-3100-9AFE13C8B0CC}.Debug|Any CPU.Build.0 = Debug|Any CPU
		{8C6CD25F-1EBE-CDED-3100-9AFE13C8B0CC}.Release|Any CPU.ActiveCfg = Release|Any CPU
		{8C6CD25F-1EBE-CDED-3100-9AFE13C8B0CC}.Release|Any CPU.Build.0 = Release|Any CPU
		{E5D38830-F188-D552-B8F6-7AC4C384CB02}.Debug|Any CPU.ActiveCfg = Debug|Any CPU
		{E5D38830-F188-D552-B8F6-7AC4C384CB02}.Debug|Any CPU.Build.0 = Debug|Any CPU
		{E5D38830-F188-D552-B8F6-7AC4C384CB02}.Release|Any CPU.ActiveCfg = Release|Any CPU
		{E5D38830-F188-D552-B8F6-7AC4C384CB02}.Release|Any CPU.Build.0 = Release|Any CPU
		{C35BC8A9-B630-76F8-6FEB-5F6B72C4048B}.Debug|Any CPU.ActiveCfg = Debug|Any CPU
		{C35BC8A9-B630-76F8-6FEB-5F6B72C4048B}.Debug|Any CPU.Build.0 = Debug|Any CPU
		{C35BC8A9-B630-76F8-6FEB-5F6B72C4048B}.Release|Any CPU.ActiveCfg = Release|Any CPU
		{C35BC8A9-B630-76F8-6FEB-5F6B72C4048B}.Release|Any CPU.Build.0 = Release|Any CPU
		{3F17B5DF-E350-1C44-DC33-972E12D6C864}.Debug|Any CPU.ActiveCfg = Debug|Any CPU
		{3F17B5DF-E350-1C44-DC33-972E12D6C864}.Debug|Any CPU.Build.0 = Debug|Any CPU
		{3F17B5DF-E350-1C44-DC33-972E12D6C864}.Release|Any CPU.ActiveCfg = Release|Any CPU
		{3F17B5DF-E350-1C44-DC33-972E12D6C864}.Release|Any CPU.Build.0 = Release|Any CPU
		{75E520FE-CA6E-550F-19CB-964C00463B96}.Debug|Any CPU.ActiveCfg = Debug|Any CPU
		{75E520FE-CA6E-550F-19CB-964C00463B96}.Debug|Any CPU.Build.0 = Debug|Any CPU
		{75E520FE-CA6E-550F-19CB-964C00463B96}.Release|Any CPU.ActiveCfg = Release|Any CPU
		{75E520FE-CA6E-550F-19CB-964C00463B96}.Release|Any CPU.Build.0 = Release|Any CPU
	EndGlobalSection
	GlobalSection(SolutionProperties) = preSolution
		HideSolutionNode = FALSE
	EndGlobalSection
EndGlobal
